// !$*UTF8*$!
{
	archiveVersion = 1;
	classes = {
	};
	objectVersion = 46;
	objects = {

/* Begin PBXBuildFile section */
		212A40141DBB89B100069BAB /* AppDependencies.framework in Frameworks */ = {isa = PBXBuildFile; fileRef = 212A40131DBB89B100069BAB /* AppDependencies.framework */; };
		21B225931D8FF307009B20D7 /* AppDelegate.swift in Sources */ = {isa = PBXBuildFile; fileRef = 21B225921D8FF307009B20D7 /* AppDelegate.swift */; };
		21B225951D8FF307009B20D7 /* ViewController.swift in Sources */ = {isa = PBXBuildFile; fileRef = 21B225941D8FF307009B20D7 /* ViewController.swift */; };
		21B225981D8FF307009B20D7 /* Main.storyboard in Resources */ = {isa = PBXBuildFile; fileRef = 21B225961D8FF307009B20D7 /* Main.storyboard */; };
		21B2259A1D8FF307009B20D7 /* Assets.xcassets in Resources */ = {isa = PBXBuildFile; fileRef = 21B225991D8FF307009B20D7 /* Assets.xcassets */; };
		21B2259D1D8FF308009B20D7 /* LaunchScreen.storyboard in Resources */ = {isa = PBXBuildFile; fileRef = 21B2259B1D8FF308009B20D7 /* LaunchScreen.storyboard */; };
		21B3FBA61D902AB6002DB22A /* Cartfile in Resources */ = {isa = PBXBuildFile; fileRef = 21B3FBA51D902AB6002DB22A /* Cartfile */; };
		21B3FBA81D902BAD002DB22A /* EventEmitter.framework in Frameworks */ = {isa = PBXBuildFile; fileRef = 21B3FBA71D902BAD002DB22A /* EventEmitter.framework */; };
		21B3FBAA1D902BB5002DB22A /* RESTAPI.framework in Frameworks */ = {isa = PBXBuildFile; fileRef = 21B3FBA91D902BB5002DB22A /* RESTAPI.framework */; };
		21B3FBAC1D902BBE002DB22A /* SwiftyJSON.framework in Frameworks */ = {isa = PBXBuildFile; fileRef = 21B3FBAB1D902BBE002DB22A /* SwiftyJSON.framework */; };
		21B3FBB01D902C4B002DB22A /* DataLoader.swift in Sources */ = {isa = PBXBuildFile; fileRef = 21B3FBAF1D902C4B002DB22A /* DataLoader.swift */; };
		21B3FBB51D902CE5002DB22A /* Models.swift in Sources */ = {isa = PBXBuildFile; fileRef = 21B3FBB41D902CE5002DB22A /* Models.swift */; };
		21B3FBB71D903761002DB22A /* PostTableViewCell.swift in Sources */ = {isa = PBXBuildFile; fileRef = 21B3FBB61D903761002DB22A /* PostTableViewCell.swift */; };
		21B3FBB91D903BA3002DB22A /* DetailViewController.swift in Sources */ = {isa = PBXBuildFile; fileRef = 21B3FBB81D903BA3002DB22A /* DetailViewController.swift */; };
		21B3FBC11D909054002DB22A /* JSONPlaceholderTestTests.swift in Sources */ = {isa = PBXBuildFile; fileRef = 21B3FBC01D909054002DB22A /* JSONPlaceholderTestTests.swift */; };
		21B3FBCB1D90907C002DB22A /* DataLoader.swift in Sources */ = {isa = PBXBuildFile; fileRef = 21B3FBAF1D902C4B002DB22A /* DataLoader.swift */; };
		21B3FBCC1D90907C002DB22A /* Models.swift in Sources */ = {isa = PBXBuildFile; fileRef = 21B3FBB41D902CE5002DB22A /* Models.swift */; };
		21B3FBCD1D90907C002DB22A /* AppDelegate.swift in Sources */ = {isa = PBXBuildFile; fileRef = 21B225921D8FF307009B20D7 /* AppDelegate.swift */; };
		21B3FBCF1D9090BB002DB22A /* EventEmitter.framework in Frameworks */ = {isa = PBXBuildFile; fileRef = 21B3FBA71D902BAD002DB22A /* EventEmitter.framework */; };
		21B3FBD01D9090BF002DB22A /* RESTAPI.framework in Frameworks */ = {isa = PBXBuildFile; fileRef = 21B3FBA91D902BB5002DB22A /* RESTAPI.framework */; };
		21B3FBD11D9090C2002DB22A /* SwiftyJSON.framework in Frameworks */ = {isa = PBXBuildFile; fileRef = 21B3FBAB1D902BBE002DB22A /* SwiftyJSON.framework */; };
		21B3FBD31D9090D0002DB22A /* EventEmitter.framework in CopyFiles */ = {isa = PBXBuildFile; fileRef = 21B3FBA71D902BAD002DB22A /* EventEmitter.framework */; settings = {ATTRIBUTES = (CodeSignOnCopy, RemoveHeadersOnCopy, ); }; };
		21B3FBD41D9090D0002DB22A /* RESTAPI.framework in CopyFiles */ = {isa = PBXBuildFile; fileRef = 21B3FBA91D902BB5002DB22A /* RESTAPI.framework */; settings = {ATTRIBUTES = (CodeSignOnCopy, RemoveHeadersOnCopy, ); }; };
		21B3FBD51D9090D0002DB22A /* SwiftyJSON.framework in CopyFiles */ = {isa = PBXBuildFile; fileRef = 21B3FBAB1D902BBE002DB22A /* SwiftyJSON.framework */; settings = {ATTRIBUTES = (CodeSignOnCopy, RemoveHeadersOnCopy, ); }; };
/* End PBXBuildFile section */

/* Begin PBXContainerItemProxy section */
		21B3FBC31D909054002DB22A /* PBXContainerItemProxy */ = {
			isa = PBXContainerItemProxy;
			containerPortal = 21B225871D8FF307009B20D7 /* Project object */;
			proxyType = 1;
			remoteGlobalIDString = 21B2258E1D8FF307009B20D7;
			remoteInfo = JSONPlaceholderTest;
		};
/* End PBXContainerItemProxy section */

/* Begin PBXCopyFilesBuildPhase section */
		21B3FBD21D9090C8002DB22A /* CopyFiles */ = {
			isa = PBXCopyFilesBuildPhase;
			buildActionMask = 2147483647;
			dstPath = "";
			dstSubfolderSpec = 10;
			files = (
				21B3FBD31D9090D0002DB22A /* EventEmitter.framework in CopyFiles */,
				21B3FBD41D9090D0002DB22A /* RESTAPI.framework in CopyFiles */,
				21B3FBD51D9090D0002DB22A /* SwiftyJSON.framework in CopyFiles */,
			);
			runOnlyForDeploymentPostprocessing = 0;
		};
/* End PBXCopyFilesBuildPhase section */

/* Begin PBXFileReference section */
		212A40131DBB89B100069BAB /* AppDependencies.framework */ = {isa = PBXFileReference; lastKnownFileType = wrapper.framework; name = AppDependencies.framework; path = Carthage/Build/iOS/AppDependencies.framework; sourceTree = "<group>"; };
		21B2258F1D8FF307009B20D7 /* JSONPlaceholderTest.app */ = {isa = PBXFileReference; explicitFileType = wrapper.application; includeInIndex = 0; path = JSONPlaceholderTest.app; sourceTree = BUILT_PRODUCTS_DIR; };
		21B225921D8FF307009B20D7 /* AppDelegate.swift */ = {isa = PBXFileReference; lastKnownFileType = sourcecode.swift; path = AppDelegate.swift; sourceTree = "<group>"; };
		21B225941D8FF307009B20D7 /* ViewController.swift */ = {isa = PBXFileReference; lastKnownFileType = sourcecode.swift; path = ViewController.swift; sourceTree = "<group>"; };
		21B225971D8FF307009B20D7 /* Base */ = {isa = PBXFileReference; lastKnownFileType = file.storyboard; name = Base; path = Base.lproj/Main.storyboard; sourceTree = "<group>"; };
		21B225991D8FF307009B20D7 /* Assets.xcassets */ = {isa = PBXFileReference; lastKnownFileType = folder.assetcatalog; path = Assets.xcassets; sourceTree = "<group>"; };
		21B2259C1D8FF308009B20D7 /* Base */ = {isa = PBXFileReference; lastKnownFileType = file.storyboard; name = Base; path = Base.lproj/LaunchScreen.storyboard; sourceTree = "<group>"; };
		21B2259E1D8FF308009B20D7 /* Info.plist */ = {isa = PBXFileReference; lastKnownFileType = text.plist.xml; path = Info.plist; sourceTree = "<group>"; };
		21B3FBA51D902AB6002DB22A /* Cartfile */ = {isa = PBXFileReference; fileEncoding = 4; lastKnownFileType = text; path = Cartfile; sourceTree = "<group>"; };
		21B3FBA71D902BAD002DB22A /* EventEmitter.framework */ = {isa = PBXFileReference; lastKnownFileType = wrapper.framework; name = EventEmitter.framework; path = Carthage/Build/iOS/EventEmitter.framework; sourceTree = "<group>"; };
		21B3FBA91D902BB5002DB22A /* RESTAPI.framework */ = {isa = PBXFileReference; lastKnownFileType = wrapper.framework; name = RESTAPI.framework; path = Carthage/Build/iOS/RESTAPI.framework; sourceTree = "<group>"; };
		21B3FBAB1D902BBE002DB22A /* SwiftyJSON.framework */ = {isa = PBXFileReference; lastKnownFileType = wrapper.framework; name = SwiftyJSON.framework; path = Carthage/Build/iOS/SwiftyJSON.framework; sourceTree = "<group>"; };
		21B3FBAF1D902C4B002DB22A /* DataLoader.swift */ = {isa = PBXFileReference; fileEncoding = 4; lastKnownFileType = sourcecode.swift; path = DataLoader.swift; sourceTree = "<group>"; };
		21B3FBB41D902CE5002DB22A /* Models.swift */ = {isa = PBXFileReference; fileEncoding = 4; lastKnownFileType = sourcecode.swift; path = Models.swift; sourceTree = "<group>"; };
		21B3FBB61D903761002DB22A /* PostTableViewCell.swift */ = {isa = PBXFileReference; fileEncoding = 4; lastKnownFileType = sourcecode.swift; path = PostTableViewCell.swift; sourceTree = "<group>"; };
		21B3FBB81D903BA3002DB22A /* DetailViewController.swift */ = {isa = PBXFileReference; fileEncoding = 4; lastKnownFileType = sourcecode.swift; path = DetailViewController.swift; sourceTree = "<group>"; };
		21B3FBBE1D909054002DB22A /* JSONPlaceholderTestTests.xctest */ = {isa = PBXFileReference; explicitFileType = wrapper.cfbundle; includeInIndex = 0; path = JSONPlaceholderTestTests.xctest; sourceTree = BUILT_PRODUCTS_DIR; };
		21B3FBC01D909054002DB22A /* JSONPlaceholderTestTests.swift */ = {isa = PBXFileReference; lastKnownFileType = sourcecode.swift; path = JSONPlaceholderTestTests.swift; sourceTree = "<group>"; };
		21B3FBC21D909054002DB22A /* Info.plist */ = {isa = PBXFileReference; lastKnownFileType = text.plist.xml; path = Info.plist; sourceTree = "<group>"; };
/* End PBXFileReference section */

/* Begin PBXFrameworksBuildPhase section */
		21B2258C1D8FF307009B20D7 /* Frameworks */ = {
			isa = PBXFrameworksBuildPhase;
			buildActionMask = 2147483647;
			files = (
				21B3FBA81D902BAD002DB22A /* EventEmitter.framework in Frameworks */,
				212A40141DBB89B100069BAB /* AppDependencies.framework in Frameworks */,
				21B3FBAA1D902BB5002DB22A /* RESTAPI.framework in Frameworks */,
				21B3FBAC1D902BBE002DB22A /* SwiftyJSON.framework in Frameworks */,
			);
			runOnlyForDeploymentPostprocessing = 0;
		};
		21B3FBBB1D909054002DB22A /* Frameworks */ = {
			isa = PBXFrameworksBuildPhase;
			buildActionMask = 2147483647;
			files = (
				21B3FBCF1D9090BB002DB22A /* EventEmitter.framework in Frameworks */,
				21B3FBD01D9090BF002DB22A /* RESTAPI.framework in Frameworks */,
				21B3FBD11D9090C2002DB22A /* SwiftyJSON.framework in Frameworks */,
			);
			runOnlyForDeploymentPostprocessing = 0;
		};
/* End PBXFrameworksBuildPhase section */

/* Begin PBXGroup section */
		21B225861D8FF307009B20D7 = {
			isa = PBXGroup;
			children = (
				21B3FBA51D902AB6002DB22A /* Cartfile */,
				212A40131DBB89B100069BAB /* AppDependencies.framework */,
				21B3FBA71D902BAD002DB22A /* EventEmitter.framework */,
				21B3FBA91D902BB5002DB22A /* RESTAPI.framework */,
				21B3FBAB1D902BBE002DB22A /* SwiftyJSON.framework */,
				21B225911D8FF307009B20D7 /* JSONPlaceholderTest */,
				21B3FBBF1D909054002DB22A /* JSONPlaceholderTestTests */,
				21B225901D8FF307009B20D7 /* Products */,
			);
			sourceTree = "<group>";
		};
		21B225901D8FF307009B20D7 /* Products */ = {
			isa = PBXGroup;
			children = (
				21B2258F1D8FF307009B20D7 /* JSONPlaceholderTest.app */,
				21B3FBBE1D909054002DB22A /* JSONPlaceholderTestTests.xctest */,
			);
			name = Products;
			sourceTree = "<group>";
		};
		21B225911D8FF307009B20D7 /* JSONPlaceholderTest */ = {
			isa = PBXGroup;
			children = (
				21B3FBB31D902C60002DB22A /* View */,
				21B3FBAE1D902C28002DB22A /* Network */,
				21B225921D8FF307009B20D7 /* AppDelegate.swift */,
				21B225991D8FF307009B20D7 /* Assets.xcassets */,
				21B2259B1D8FF308009B20D7 /* LaunchScreen.storyboard */,
				21B2259E1D8FF308009B20D7 /* Info.plist */,
			);
			path = JSONPlaceholderTest;
			sourceTree = "<group>";
		};
		21B3FBAE1D902C28002DB22A /* Network */ = {
			isa = PBXGroup;
			children = (
				21B3FBAF1D902C4B002DB22A /* DataLoader.swift */,
				21B3FBB41D902CE5002DB22A /* Models.swift */,
			);
			name = Network;
			sourceTree = "<group>";
		};
		21B3FBB31D902C60002DB22A /* View */ = {
			isa = PBXGroup;
			children = (
				21B225961D8FF307009B20D7 /* Main.storyboard */,
				21B225941D8FF307009B20D7 /* ViewController.swift */,
				21B3FBB81D903BA3002DB22A /* DetailViewController.swift */,
				21B3FBB61D903761002DB22A /* PostTableViewCell.swift */,
			);
			name = View;
			sourceTree = "<group>";
		};
		21B3FBBF1D909054002DB22A /* JSONPlaceholderTestTests */ = {
			isa = PBXGroup;
			children = (
				21B3FBC01D909054002DB22A /* JSONPlaceholderTestTests.swift */,
				21B3FBC21D909054002DB22A /* Info.plist */,
			);
			path = JSONPlaceholderTestTests;
			sourceTree = "<group>";
		};
/* End PBXGroup section */

/* Begin PBXNativeTarget section */
		21B2258E1D8FF307009B20D7 /* JSONPlaceholderTest */ = {
			isa = PBXNativeTarget;
			buildConfigurationList = 21B225A11D8FF308009B20D7 /* Build configuration list for PBXNativeTarget "JSONPlaceholderTest" */;
			buildPhases = (
				21B2258B1D8FF307009B20D7 /* Sources */,
				21B2258C1D8FF307009B20D7 /* Frameworks */,
				21B2258D1D8FF307009B20D7 /* Resources */,
				21B3FBAD1D902BF6002DB22A /* ShellScript */,
			);
			buildRules = (
			);
			dependencies = (
			);
			name = JSONPlaceholderTest;
			productName = JSONPlaceholderTest;
			productReference = 21B2258F1D8FF307009B20D7 /* JSONPlaceholderTest.app */;
			productType = "com.apple.product-type.application";
		};
		21B3FBBD1D909054002DB22A /* JSONPlaceholderTestTests */ = {
			isa = PBXNativeTarget;
			buildConfigurationList = 21B3FBC51D909054002DB22A /* Build configuration list for PBXNativeTarget "JSONPlaceholderTestTests" */;
			buildPhases = (
				21B3FBBA1D909054002DB22A /* Sources */,
				21B3FBBB1D909054002DB22A /* Frameworks */,
				21B3FBBC1D909054002DB22A /* Resources */,
				21B3FBD21D9090C8002DB22A /* CopyFiles */,
			);
			buildRules = (
			);
			dependencies = (
				21B3FBC41D909054002DB22A /* PBXTargetDependency */,
			);
			name = JSONPlaceholderTestTests;
			productName = JSONPlaceholderTestTests;
			productReference = 21B3FBBE1D909054002DB22A /* JSONPlaceholderTestTests.xctest */;
			productType = "com.apple.product-type.bundle.unit-test";
		};
/* End PBXNativeTarget section */

/* Begin PBXProject section */
		21B225871D8FF307009B20D7 /* Project object */ = {
			isa = PBXProject;
			attributes = {
				LastSwiftUpdateCheck = 0800;
				LastUpgradeCheck = 0800;
				ORGANIZATIONNAME = gujci;
				TargetAttributes = {
					21B2258E1D8FF307009B20D7 = {
						CreatedOnToolsVersion = 8.0;
						ProvisioningStyle = Automatic;
					};
					21B3FBBD1D909054002DB22A = {
						CreatedOnToolsVersion = 8.0;
						ProvisioningStyle = Automatic;
						TestTargetID = 21B2258E1D8FF307009B20D7;
					};
				};
			};
			buildConfigurationList = 21B2258A1D8FF307009B20D7 /* Build configuration list for PBXProject "JSONPlaceholderTest" */;
			compatibilityVersion = "Xcode 3.2";
			developmentRegion = English;
			hasScannedForEncodings = 0;
			knownRegions = (
				en,
				Base,
			);
			mainGroup = 21B225861D8FF307009B20D7;
			productRefGroup = 21B225901D8FF307009B20D7 /* Products */;
			projectDirPath = "";
			projectRoot = "";
			targets = (
				21B2258E1D8FF307009B20D7 /* JSONPlaceholderTest */,
				21B3FBBD1D909054002DB22A /* JSONPlaceholderTestTests */,
			);
		};
/* End PBXProject section */

/* Begin PBXResourcesBuildPhase section */
		21B2258D1D8FF307009B20D7 /* Resources */ = {
			isa = PBXResourcesBuildPhase;
			buildActionMask = 2147483647;
			files = (
				21B2259D1D8FF308009B20D7 /* LaunchScreen.storyboard in Resources */,
				21B2259A1D8FF307009B20D7 /* Assets.xcassets in Resources */,
				21B3FBA61D902AB6002DB22A /* Cartfile in Resources */,
				21B225981D8FF307009B20D7 /* Main.storyboard in Resources */,
			);
			runOnlyForDeploymentPostprocessing = 0;
		};
		21B3FBBC1D909054002DB22A /* Resources */ = {
			isa = PBXResourcesBuildPhase;
			buildActionMask = 2147483647;
			files = (
			);
			runOnlyForDeploymentPostprocessing = 0;
		};
/* End PBXResourcesBuildPhase section */

/* Begin PBXShellScriptBuildPhase section */
		21B3FBAD1D902BF6002DB22A /* ShellScript */ = {
			isa = PBXShellScriptBuildPhase;
			buildActionMask = 2147483647;
			files = (
			);
			inputPaths = (
				"$(SRCROOT)/Carthage/Build/iOS/SwiftyJSON.framework",
				"$(SRCROOT)/Carthage/Build/iOS/RESTAPI.framework",
				"$(SRCROOT)/Carthage/Build/iOS/EventEmitter.framework",
				"$(SRCROOT)/Carthage/Build/iOS/AppDependencies.framework",
			);
			outputPaths = (
			);
			runOnlyForDeploymentPostprocessing = 0;
			shellPath = /bin/sh;
			shellScript = "/usr/local/bin/carthage copy-frameworks";
		};
/* End PBXShellScriptBuildPhase section */

/* Begin PBXSourcesBuildPhase section */
		21B2258B1D8FF307009B20D7 /* Sources */ = {
			isa = PBXSourcesBuildPhase;
			buildActionMask = 2147483647;
			files = (
				21B225951D8FF307009B20D7 /* ViewController.swift in Sources */,
				21B225931D8FF307009B20D7 /* AppDelegate.swift in Sources */,
				21B3FBB01D902C4B002DB22A /* DataLoader.swift in Sources */,
				21B3FBB51D902CE5002DB22A /* Models.swift in Sources */,
				21B3FBB71D903761002DB22A /* PostTableViewCell.swift in Sources */,
				21B3FBB91D903BA3002DB22A /* DetailViewController.swift in Sources */,
			);
			runOnlyForDeploymentPostprocessing = 0;
		};
		21B3FBBA1D909054002DB22A /* Sources */ = {
			isa = PBXSourcesBuildPhase;
			buildActionMask = 2147483647;
			files = (
				21B3FBCB1D90907C002DB22A /* DataLoader.swift in Sources */,
				21B3FBCC1D90907C002DB22A /* Models.swift in Sources */,
				21B3FBCD1D90907C002DB22A /* AppDelegate.swift in Sources */,
				21B3FBC11D909054002DB22A /* JSONPlaceholderTestTests.swift in Sources */,
			);
			runOnlyForDeploymentPostprocessing = 0;
		};
/* End PBXSourcesBuildPhase section */

/* Begin PBXTargetDependency section */
		21B3FBC41D909054002DB22A /* PBXTargetDependency */ = {
			isa = PBXTargetDependency;
			target = 21B2258E1D8FF307009B20D7 /* JSONPlaceholderTest */;
			targetProxy = 21B3FBC31D909054002DB22A /* PBXContainerItemProxy */;
		};
/* End PBXTargetDependency section */

/* Begin PBXVariantGroup section */
		21B225961D8FF307009B20D7 /* Main.storyboard */ = {
			isa = PBXVariantGroup;
			children = (
				21B225971D8FF307009B20D7 /* Base */,
			);
			name = Main.storyboard;
			sourceTree = "<group>";
		};
		21B2259B1D8FF308009B20D7 /* LaunchScreen.storyboard */ = {
			isa = PBXVariantGroup;
			children = (
				21B2259C1D8FF308009B20D7 /* Base */,
			);
			name = LaunchScreen.storyboard;
			sourceTree = "<group>";
		};
/* End PBXVariantGroup section */

/* Begin XCBuildConfiguration section */
		21B2259F1D8FF308009B20D7 /* Debug */ = {
			isa = XCBuildConfiguration;
			buildSettings = {
				ALWAYS_SEARCH_USER_PATHS = NO;
				CLANG_ANALYZER_NONNULL = YES;
				CLANG_CXX_LANGUAGE_STANDARD = "gnu++0x";
				CLANG_CXX_LIBRARY = "libc++";
				CLANG_ENABLE_MODULES = YES;
				CLANG_ENABLE_OBJC_ARC = YES;
				CLANG_WARN_BOOL_CONVERSION = YES;
				CLANG_WARN_CONSTANT_CONVERSION = YES;
				CLANG_WARN_DIRECT_OBJC_ISA_USAGE = YES_ERROR;
				CLANG_WARN_DOCUMENTATION_COMMENTS = YES;
				CLANG_WARN_EMPTY_BODY = YES;
				CLANG_WARN_ENUM_CONVERSION = YES;
				CLANG_WARN_INFINITE_RECURSION = YES;
				CLANG_WARN_INT_CONVERSION = YES;
				CLANG_WARN_OBJC_ROOT_CLASS = YES_ERROR;
				CLANG_WARN_SUSPICIOUS_MOVES = YES;
				CLANG_WARN_UNREACHABLE_CODE = YES;
				CLANG_WARN__DUPLICATE_METHOD_MATCH = YES;
				"CODE_SIGN_IDENTITY[sdk=iphoneos*]" = "iPhone Developer";
				COPY_PHASE_STRIP = NO;
				DEBUG_INFORMATION_FORMAT = dwarf;
				ENABLE_STRICT_OBJC_MSGSEND = YES;
				ENABLE_TESTABILITY = YES;
				GCC_C_LANGUAGE_STANDARD = gnu99;
				GCC_DYNAMIC_NO_PIC = NO;
				GCC_NO_COMMON_BLOCKS = YES;
				GCC_OPTIMIZATION_LEVEL = 0;
				GCC_PREPROCESSOR_DEFINITIONS = (
					"DEBUG=1",
					"$(inherited)",
				);
				GCC_WARN_64_TO_32_BIT_CONVERSION = YES;
				GCC_WARN_ABOUT_RETURN_TYPE = YES_ERROR;
				GCC_WARN_UNDECLARED_SELECTOR = YES;
				GCC_WARN_UNINITIALIZED_AUTOS = YES_AGGRESSIVE;
				GCC_WARN_UNUSED_FUNCTION = YES;
				GCC_WARN_UNUSED_VARIABLE = YES;
				IPHONEOS_DEPLOYMENT_TARGET = 10.0;
				MTL_ENABLE_DEBUG_INFO = YES;
				ONLY_ACTIVE_ARCH = YES;
				SDKROOT = iphoneos;
				SWIFT_ACTIVE_COMPILATION_CONDITIONS = DEBUG;
				SWIFT_OPTIMIZATION_LEVEL = "-Onone";
				TARGETED_DEVICE_FAMILY = "1,2";
			};
			name = Debug;
		};
		21B225A01D8FF308009B20D7 /* Release */ = {
			isa = XCBuildConfiguration;
			buildSettings = {
				ALWAYS_SEARCH_USER_PATHS = NO;
				CLANG_ANALYZER_NONNULL = YES;
				CLANG_CXX_LANGUAGE_STANDARD = "gnu++0x";
				CLANG_CXX_LIBRARY = "libc++";
				CLANG_ENABLE_MODULES = YES;
				CLANG_ENABLE_OBJC_ARC = YES;
				CLANG_WARN_BOOL_CONVERSION = YES;
				CLANG_WARN_CONSTANT_CONVERSION = YES;
				CLANG_WARN_DIRECT_OBJC_ISA_USAGE = YES_ERROR;
				CLANG_WARN_DOCUMENTATION_COMMENTS = YES;
				CLANG_WARN_EMPTY_BODY = YES;
				CLANG_WARN_ENUM_CONVERSION = YES;
				CLANG_WARN_INFINITE_RECURSION = YES;
				CLANG_WARN_INT_CONVERSION = YES;
				CLANG_WARN_OBJC_ROOT_CLASS = YES_ERROR;
				CLANG_WARN_SUSPICIOUS_MOVES = YES;
				CLANG_WARN_UNREACHABLE_CODE = YES;
				CLANG_WARN__DUPLICATE_METHOD_MATCH = YES;
				"CODE_SIGN_IDENTITY[sdk=iphoneos*]" = "iPhone Developer";
				COPY_PHASE_STRIP = NO;
				DEBUG_INFORMATION_FORMAT = "dwarf-with-dsym";
				ENABLE_NS_ASSERTIONS = NO;
				ENABLE_STRICT_OBJC_MSGSEND = YES;
				GCC_C_LANGUAGE_STANDARD = gnu99;
				GCC_NO_COMMON_BLOCKS = YES;
				GCC_WARN_64_TO_32_BIT_CONVERSION = YES;
				GCC_WARN_ABOUT_RETURN_TYPE = YES_ERROR;
				GCC_WARN_UNDECLARED_SELECTOR = YES;
				GCC_WARN_UNINITIALIZED_AUTOS = YES_AGGRESSIVE;
				GCC_WARN_UNUSED_FUNCTION = YES;
				GCC_WARN_UNUSED_VARIABLE = YES;
				IPHONEOS_DEPLOYMENT_TARGET = 10.0;
				MTL_ENABLE_DEBUG_INFO = NO;
				SDKROOT = iphoneos;
				SWIFT_OPTIMIZATION_LEVEL = "-Owholemodule";
				TARGETED_DEVICE_FAMILY = "1,2";
				VALIDATE_PRODUCT = YES;
			};
			name = Release;
		};
		21B225A21D8FF308009B20D7 /* Debug */ = {
			isa = XCBuildConfiguration;
			buildSettings = {
				ASSETCATALOG_COMPILER_APPICON_NAME = AppIcon;
				FRAMEWORK_SEARCH_PATHS = (
					"$(inherited)",
					"$(PROJECT_DIR)/Carthage/Build/iOS",
				);
				INFOPLIST_FILE = JSONPlaceholderTest/Info.plist;
				LD_RUNPATH_SEARCH_PATHS = "$(inherited) @executable_path/Frameworks";
				PRODUCT_BUNDLE_IDENTIFIER = com.gujci.JSONPlaceholderTest;
				PRODUCT_NAME = "$(TARGET_NAME)";
				SWIFT_VERSION = 3.0;
			};
			name = Debug;
		};
		21B225A31D8FF308009B20D7 /* Release */ = {
			isa = XCBuildConfiguration;
			buildSettings = {
				ASSETCATALOG_COMPILER_APPICON_NAME = AppIcon;
				FRAMEWORK_SEARCH_PATHS = (
					"$(inherited)",
					"$(PROJECT_DIR)/Carthage/Build/iOS",
				);
				INFOPLIST_FILE = JSONPlaceholderTest/Info.plist;
				LD_RUNPATH_SEARCH_PATHS = "$(inherited) @executable_path/Frameworks";
				PRODUCT_BUNDLE_IDENTIFIER = com.gujci.JSONPlaceholderTest;
				PRODUCT_NAME = "$(TARGET_NAME)";
				SWIFT_VERSION = 3.0;
			};
			name = Release;
		};
		21B3FBC61D909054002DB22A /* Debug */ = {
			isa = XCBuildConfiguration;
			buildSettings = {
				BUNDLE_LOADER = "$(TEST_HOST)";
				FRAMEWORK_SEARCH_PATHS = (
					"$(inherited)",
					"$(PROJECT_DIR)/Carthage/Build/iOS",
				);
				INFOPLIST_FILE = JSONPlaceholderTestTests/Info.plist;
				LD_RUNPATH_SEARCH_PATHS = "$(inherited) @executable_path/Frameworks @loader_path/Frameworks";
				PRODUCT_BUNDLE_IDENTIFIER = com.loginet.JSONPlaceholderTestTests;
				PRODUCT_NAME = "$(TARGET_NAME)";
				SWIFT_VERSION = 3.0;
				TEST_HOST = "$(BUILT_PRODUCTS_DIR)/JSONPlaceholderTest.app/JSONPlaceholderTest";
			};
			name = Debug;
		};
		21B3FBC71D909054002DB22A /* Release */ = {
			isa = XCBuildConfiguration;
			buildSettings = {
				BUNDLE_LOADER = "$(TEST_HOST)";
				FRAMEWORK_SEARCH_PATHS = (
					"$(inherited)",
					"$(PROJECT_DIR)/Carthage/Build/iOS",
				);
				INFOPLIST_FILE = JSONPlaceholderTestTests/Info.plist;
				LD_RUNPATH_SEARCH_PATHS = "$(inherited) @executable_path/Frameworks @loader_path/Frameworks";
				PRODUCT_BUNDLE_IDENTIFIER = com.loginet.JSONPlaceholderTestTests;
				PRODUCT_NAME = "$(TARGET_NAME)";
				SWIFT_VERSION = 3.0;
				TEST_HOST = "$(BUILT_PRODUCTS_DIR)/JSONPlaceholderTest.app/JSONPlaceholderTest";
			};
			name = Release;
		};
/* End XCBuildConfiguration section */

/* Begin XCConfigurationList section */
		21B2258A1D8FF307009B20D7 /* Build configuration list for PBXProject "JSONPlaceholderTest" */ = {
			isa = XCConfigurationList;
			buildConfigurations = (
				21B2259F1D8FF308009B20D7 /* Debug */,
				21B225A01D8FF308009B20D7 /* Release */,
			);
			defaultConfigurationIsVisible = 0;
			defaultConfigurationName = Release;
		};
		21B225A11D8FF308009B20D7 /* Build configuration list for PBXNativeTarget "JSONPlaceholderTest" */ = {
			isa = XCConfigurationList;
			buildConfigurations = (
				21B225A21D8FF308009B20D7 /* Debug */,
				21B225A31D8FF308009B20D7 /* Release */,
			);
			defaultConfigurationIsVisible = 0;
			defaultConfigurationName = Release;
		};
		21B3FBC51D909054002DB22A /* Build configuration list for PBXNativeTarget "JSONPlaceholderTestTests" */ = {
			isa = XCConfigurationList;
			buildConfigurations = (
				21B3FBC61D909054002DB22A /* Debug */,
				21B3FBC71D909054002DB22A /* Release */,
			);
			defaultConfigurationIsVisible = 0;
			defaultConfigurationName = Release;
		};
/* End XCConfigurationList section */
	};
	rootObject = 21B225871D8FF307009B20D7 /* Project object */;
}
